// !$*UTF8*$!
{
	archiveVersion = 1;
	classes = {
	};
	objectVersion = 56;
	objects = {

/* Begin PBXBuildFile section */
		B7616C572A84ED01005024E7 /* UseCase.h in Headers */ = {isa = PBXBuildFile; fileRef = B7616C562A84ED01005024E7 /* UseCase.h */; settings = {ATTRIBUTES = (Public, ); }; };
		B7616C5F2A85B5E9005024E7 /* DiscoverApi.swift in Sources */ = {isa = PBXBuildFile; fileRef = B7616C5E2A85B5E9005024E7 /* DiscoverApi.swift */; };
		B7616C6B2A85B654005024E7 /* Core.framework in Frameworks */ = {isa = PBXBuildFile; fileRef = B7616C6A2A85B654005024E7 /* Core.framework */; };
		B7616C6C2A85B654005024E7 /* Core.framework in Embed Frameworks */ = {isa = PBXBuildFile; fileRef = B7616C6A2A85B654005024E7 /* Core.framework */; settings = {ATTRIBUTES = (CodeSignOnCopy, RemoveHeadersOnCopy, ); }; };
		B7616C762A85B6D0005024E7 /* DiscoverRepository.swift in Sources */ = {isa = PBXBuildFile; fileRef = B7616C6F2A85B6D0005024E7 /* DiscoverRepository.swift */; };
		B7616C772A85B6D0005024E7 /* Discover.swift in Sources */ = {isa = PBXBuildFile; fileRef = B7616C712A85B6D0005024E7 /* Discover.swift */; };
		B7616C782A85B6D0005024E7 /* Partner.swift in Sources */ = {isa = PBXBuildFile; fileRef = B7616C722A85B6D0005024E7 /* Partner.swift */; };
		B7616C792A85B6D0005024E7 /* ForYou.swift in Sources */ = {isa = PBXBuildFile; fileRef = B7616C732A85B6D0005024E7 /* ForYou.swift */; };
		B7616C7A2A85B6D0005024E7 /* Ads.swift in Sources */ = {isa = PBXBuildFile; fileRef = B7616C742A85B6D0005024E7 /* Ads.swift */; };
		B7616C7B2A85B6D0005024E7 /* Classification.swift in Sources */ = {isa = PBXBuildFile; fileRef = B7616C752A85B6D0005024E7 /* Classification.swift */; };
/* End PBXBuildFile section */

/* Begin PBXCopyFilesBuildPhase section */
		B7616C6D2A85B654005024E7 /* Embed Frameworks */ = {
			isa = PBXCopyFilesBuildPhase;
			buildActionMask = 2147483647;
			dstPath = "";
			dstSubfolderSpec = 10;
			files = (
				B7616C6C2A85B654005024E7 /* Core.framework in Embed Frameworks */,
			);
			name = "Embed Frameworks";
			runOnlyForDeploymentPostprocessing = 0;
		};
/* End PBXCopyFilesBuildPhase section */

/* Begin PBXFileReference section */
		B7616C532A84ED01005024E7 /* UseCase.framework */ = {isa = PBXFileReference; explicitFileType = wrapper.framework; includeInIndex = 0; path = UseCase.framework; sourceTree = BUILT_PRODUCTS_DIR; };
		B7616C562A84ED01005024E7 /* UseCase.h */ = {isa = PBXFileReference; lastKnownFileType = sourcecode.c.h; path = UseCase.h; sourceTree = "<group>"; };
		B7616C5E2A85B5E9005024E7 /* DiscoverApi.swift */ = {isa = PBXFileReference; fileEncoding = 4; lastKnownFileType = sourcecode.swift; path = DiscoverApi.swift; sourceTree = "<group>"; };
		B7616C6A2A85B654005024E7 /* Core.framework */ = {isa = PBXFileReference; explicitFileType = wrapper.framework; path = Core.framework; sourceTree = BUILT_PRODUCTS_DIR; };
		B7616C6F2A85B6D0005024E7 /* DiscoverRepository.swift */ = {isa = PBXFileReference; fileEncoding = 4; lastKnownFileType = sourcecode.swift; path = DiscoverRepository.swift; sourceTree = "<group>"; };
		B7616C712A85B6D0005024E7 /* Discover.swift */ = {isa = PBXFileReference; fileEncoding = 4; lastKnownFileType = sourcecode.swift; path = Discover.swift; sourceTree = "<group>"; };
		B7616C722A85B6D0005024E7 /* Partner.swift */ = {isa = PBXFileReference; fileEncoding = 4; lastKnownFileType = sourcecode.swift; path = Partner.swift; sourceTree = "<group>"; };
		B7616C732A85B6D0005024E7 /* ForYou.swift */ = {isa = PBXFileReference; fileEncoding = 4; lastKnownFileType = sourcecode.swift; path = ForYou.swift; sourceTree = "<group>"; };
		B7616C742A85B6D0005024E7 /* Ads.swift */ = {isa = PBXFileReference; fileEncoding = 4; lastKnownFileType = sourcecode.swift; path = Ads.swift; sourceTree = "<group>"; };
		B7616C752A85B6D0005024E7 /* Classification.swift */ = {isa = PBXFileReference; fileEncoding = 4; lastKnownFileType = sourcecode.swift; path = Classification.swift; sourceTree = "<group>"; };
/* End PBXFileReference section */

/* Begin PBXFrameworksBuildPhase section */
		B7616C502A84ED01005024E7 /* Frameworks */ = {
			isa = PBXFrameworksBuildPhase;
			buildActionMask = 2147483647;
			files = (
				B7616C6B2A85B654005024E7 /* Core.framework in Frameworks */,
			);
			runOnlyForDeploymentPostprocessing = 0;
		};
/* End PBXFrameworksBuildPhase section */

/* Begin PBXGroup section */
		B7616C492A84ED01005024E7 = {
			isa = PBXGroup;
			children = (
				B7616C552A84ED01005024E7 /* UseCase */,
				B7616C542A84ED01005024E7 /* Products */,
				B7616C692A85B654005024E7 /* Frameworks */,
			);
			sourceTree = "<group>";
		};
		B7616C542A84ED01005024E7 /* Products */ = {
			isa = PBXGroup;
			children = (
				B7616C532A84ED01005024E7 /* UseCase.framework */,
			);
			name = Products;
			sourceTree = "<group>";
		};
		B7616C552A84ED01005024E7 /* UseCase */ = {
			isa = PBXGroup;
			children = (
				B7616C562A84ED01005024E7 /* UseCase.h */,
				B7616C702A85B6D0005024E7 /* Model */,
				B7616C6E2A85B6D0005024E7 /* Repository */,
				B7616C5D2A85B085005024E7 /* Provider */,
			);
			path = UseCase;
			sourceTree = "<group>";
		};
		B7616C5D2A85B085005024E7 /* Provider */ = {
			isa = PBXGroup;
			children = (
				B7616C5E2A85B5E9005024E7 /* DiscoverApi.swift */,
			);
			path = Provider;
			sourceTree = "<group>";
		};
		B7616C692A85B654005024E7 /* Frameworks */ = {
			isa = PBXGroup;
			children = (
				B7616C6A2A85B654005024E7 /* Core.framework */,
			);
			name = Frameworks;
			sourceTree = "<group>";
		};
		B7616C6E2A85B6D0005024E7 /* Repository */ = {
			isa = PBXGroup;
			children = (
				B7616C6F2A85B6D0005024E7 /* DiscoverRepository.swift */,
			);
			path = Repository;
			sourceTree = "<group>";
		};
		B7616C702A85B6D0005024E7 /* Model */ = {
			isa = PBXGroup;
			children = (
				B7616C712A85B6D0005024E7 /* Discover.swift */,
				B7616C722A85B6D0005024E7 /* Partner.swift */,
				B7616C732A85B6D0005024E7 /* ForYou.swift */,
				B7616C742A85B6D0005024E7 /* Ads.swift */,
				B7616C752A85B6D0005024E7 /* Classification.swift */,
			);
			path = Model;
			sourceTree = "<group>";
		};
/* End PBXGroup section */

/* Begin PBXHeadersBuildPhase section */
		B7616C4E2A84ED01005024E7 /* Headers */ = {
			isa = PBXHeadersBuildPhase;
			buildActionMask = 2147483647;
			files = (
				B7616C572A84ED01005024E7 /* UseCase.h in Headers */,
			);
			runOnlyForDeploymentPostprocessing = 0;
		};
/* End PBXHeadersBuildPhase section */

/* Begin PBXNativeTarget section */
		B7616C522A84ED01005024E7 /* UseCase */ = {
			isa = PBXNativeTarget;
			buildConfigurationList = B7616C5A2A84ED01005024E7 /* Build configuration list for PBXNativeTarget "UseCase" */;
			buildPhases = (
				B7616C4E2A84ED01005024E7 /* Headers */,
				B7616C4F2A84ED01005024E7 /* Sources */,
				B7616C502A84ED01005024E7 /* Frameworks */,
				B7616C512A84ED01005024E7 /* Resources */,
				B7616C6D2A85B654005024E7 /* Embed Frameworks */,
			);
			buildRules = (
			);
			dependencies = (
			);
			name = UseCase;
			productName = UseCase;
			productReference = B7616C532A84ED01005024E7 /* UseCase.framework */;
			productType = "com.apple.product-type.framework";
		};
/* End PBXNativeTarget section */

/* Begin PBXProject section */
		B7616C4A2A84ED01005024E7 /* Project object */ = {
			isa = PBXProject;
			attributes = {
				BuildIndependentTargetsInParallel = 1;
				LastUpgradeCheck = 1430;
				TargetAttributes = {
					B7616C522A84ED01005024E7 = {
						CreatedOnToolsVersion = 14.3.1;
						LastSwiftMigration = 1430;
					};
				};
			};
			buildConfigurationList = B7616C4D2A84ED01005024E7 /* Build configuration list for PBXProject "UseCase" */;
			compatibilityVersion = "Xcode 14.0";
			developmentRegion = en;
			hasScannedForEncodings = 0;
			knownRegions = (
				en,
				Base,
			);
			mainGroup = B7616C492A84ED01005024E7;
			productRefGroup = B7616C542A84ED01005024E7 /* Products */;
			projectDirPath = "";
			projectRoot = "";
			targets = (
				B7616C522A84ED01005024E7 /* UseCase */,
			);
		};
/* End PBXProject section */

/* Begin PBXResourcesBuildPhase section */
		B7616C512A84ED01005024E7 /* Resources */ = {
			isa = PBXResourcesBuildPhase;
			buildActionMask = 2147483647;
			files = (
			);
			runOnlyForDeploymentPostprocessing = 0;
		};
/* End PBXResourcesBuildPhase section */

/* Begin PBXSourcesBuildPhase section */
		B7616C4F2A84ED01005024E7 /* Sources */ = {
			isa = PBXSourcesBuildPhase;
			buildActionMask = 2147483647;
			files = (
				B7616C7A2A85B6D0005024E7 /* Ads.swift in Sources */,
				B7616C782A85B6D0005024E7 /* Partner.swift in Sources */,
				B7616C762A85B6D0005024E7 /* DiscoverRepository.swift in Sources */,
				B7616C5F2A85B5E9005024E7 /* DiscoverApi.swift in Sources */,
				B7616C772A85B6D0005024E7 /* Discover.swift in Sources */,
				B7616C792A85B6D0005024E7 /* ForYou.swift in Sources */,
				B7616C7B2A85B6D0005024E7 /* Classification.swift in Sources */,
			);
			runOnlyForDeploymentPostprocessing = 0;
		};
/* End PBXSourcesBuildPhase section */

/* Begin XCBuildConfiguration section */
		B7616C582A84ED01005024E7 /* Debug */ = {
			isa = XCBuildConfiguration;
			buildSettings = {
				ALWAYS_SEARCH_USER_PATHS = NO;
				CLANG_ANALYZER_NONNULL = YES;
				CLANG_ANALYZER_NUMBER_OBJECT_CONVERSION = YES_AGGRESSIVE;
				CLANG_CXX_LANGUAGE_STANDARD = "gnu++20";
				CLANG_ENABLE_MODULES = YES;
				CLANG_ENABLE_OBJC_ARC = YES;
				CLANG_ENABLE_OBJC_WEAK = YES;
				CLANG_WARN_BLOCK_CAPTURE_AUTORELEASING = YES;
				CLANG_WARN_BOOL_CONVERSION = YES;
				CLANG_WARN_COMMA = YES;
				CLANG_WARN_CONSTANT_CONVERSION = YES;
				CLANG_WARN_DEPRECATED_OBJC_IMPLEMENTATIONS = YES;
				CLANG_WARN_DIRECT_OBJC_ISA_USAGE = YES_ERROR;
				CLANG_WARN_DOCUMENTATION_COMMENTS = YES;
				CLANG_WARN_EMPTY_BODY = YES;
				CLANG_WARN_ENUM_CONVERSION = YES;
				CLANG_WARN_INFINITE_RECURSION = YES;
				CLANG_WARN_INT_CONVERSION = YES;
				CLANG_WARN_NON_LITERAL_NULL_CONVERSION = YES;
				CLANG_WARN_OBJC_IMPLICIT_RETAIN_SELF = YES;
				CLANG_WARN_OBJC_LITERAL_CONVERSION = YES;
				CLANG_WARN_OBJC_ROOT_CLASS = YES_ERROR;
				CLANG_WARN_QUOTED_INCLUDE_IN_FRAMEWORK_HEADER = YES;
				CLANG_WARN_RANGE_LOOP_ANALYSIS = YES;
				CLANG_WARN_STRICT_PROTOTYPES = YES;
				CLANG_WARN_SUSPICIOUS_MOVE = YES;
				CLANG_WARN_UNGUARDED_AVAILABILITY = YES_AGGRESSIVE;
				CLANG_WARN_UNREACHABLE_CODE = YES;
				CLANG_WARN__DUPLICATE_METHOD_MATCH = YES;
				COPY_PHASE_STRIP = NO;
				CURRENT_PROJECT_VERSION = 1;
				DEBUG_INFORMATION_FORMAT = dwarf;
				ENABLE_STRICT_OBJC_MSGSEND = YES;
				ENABLE_TESTABILITY = YES;
				GCC_C_LANGUAGE_STANDARD = gnu11;
				GCC_DYNAMIC_NO_PIC = NO;
				GCC_NO_COMMON_BLOCKS = YES;
				GCC_OPTIMIZATION_LEVEL = 0;
				GCC_PREPROCESSOR_DEFINITIONS = (
					"DEBUG=1",
					"$(inherited)",
				);
				GCC_WARN_64_TO_32_BIT_CONVERSION = YES;
				GCC_WARN_ABOUT_RETURN_TYPE = YES_ERROR;
				GCC_WARN_UNDECLARED_SELECTOR = YES;
				GCC_WARN_UNINITIALIZED_AUTOS = YES_AGGRESSIVE;
				GCC_WARN_UNUSED_FUNCTION = YES;
				GCC_WARN_UNUSED_VARIABLE = YES;
				IPHONEOS_DEPLOYMENT_TARGET = 16.0;
				MTL_ENABLE_DEBUG_INFO = INCLUDE_SOURCE;
				MTL_FAST_MATH = YES;
				ONLY_ACTIVE_ARCH = YES;
				SDKROOT = iphoneos;
				SWIFT_ACTIVE_COMPILATION_CONDITIONS = DEBUG;
				SWIFT_OPTIMIZATION_LEVEL = "-Onone";
				VERSIONING_SYSTEM = "apple-generic";
				VERSION_INFO_PREFIX = "";
			};
			name = Debug;
		};
		B7616C592A84ED01005024E7 /* Release */ = {
			isa = XCBuildConfiguration;
			buildSettings = {
				ALWAYS_SEARCH_USER_PATHS = NO;
				CLANG_ANALYZER_NONNULL = YES;
				CLANG_ANALYZER_NUMBER_OBJECT_CONVERSION = YES_AGGRESSIVE;
				CLANG_CXX_LANGUAGE_STANDARD = "gnu++20";
				CLANG_ENABLE_MODULES = YES;
				CLANG_ENABLE_OBJC_ARC = YES;
				CLANG_ENABLE_OBJC_WEAK = YES;
				CLANG_WARN_BLOCK_CAPTURE_AUTORELEASING = YES;
				CLANG_WARN_BOOL_CONVERSION = YES;
				CLANG_WARN_COMMA = YES;
				CLANG_WARN_CONSTANT_CONVERSION = YES;
				CLANG_WARN_DEPRECATED_OBJC_IMPLEMENTATIONS = YES;
				CLANG_WARN_DIRECT_OBJC_ISA_USAGE = YES_ERROR;
				CLANG_WARN_DOCUMENTATION_COMMENTS = YES;
				CLANG_WARN_EMPTY_BODY = YES;
				CLANG_WARN_ENUM_CONVERSION = YES;
				CLANG_WARN_INFINITE_RECURSION = YES;
				CLANG_WARN_INT_CONVERSION = YES;
				CLANG_WARN_NON_LITERAL_NULL_CONVERSION = YES;
				CLANG_WARN_OBJC_IMPLICIT_RETAIN_SELF = YES;
				CLANG_WARN_OBJC_LITERAL_CONVERSION = YES;
				CLANG_WARN_OBJC_ROOT_CLASS = YES_ERROR;
				CLANG_WARN_QUOTED_INCLUDE_IN_FRAMEWORK_HEADER = YES;
				CLANG_WARN_RANGE_LOOP_ANALYSIS = YES;
				CLANG_WARN_STRICT_PROTOTYPES = YES;
				CLANG_WARN_SUSPICIOUS_MOVE = YES;
				CLANG_WARN_UNGUARDED_AVAILABILITY = YES_AGGRESSIVE;
				CLANG_WARN_UNREACHABLE_CODE = YES;
				CLANG_WARN__DUPLICATE_METHOD_MATCH = YES;
				COPY_PHASE_STRIP = NO;
				CURRENT_PROJECT_VERSION = 1;
				DEBUG_INFORMATION_FORMAT = "dwarf-with-dsym";
				ENABLE_NS_ASSERTIONS = NO;
				ENABLE_STRICT_OBJC_MSGSEND = YES;
				GCC_C_LANGUAGE_STANDARD = gnu11;
				GCC_NO_COMMON_BLOCKS = YES;
				GCC_WARN_64_TO_32_BIT_CONVERSION = YES;
				GCC_WARN_ABOUT_RETURN_TYPE = YES_ERROR;
				GCC_WARN_UNDECLARED_SELECTOR = YES;
				GCC_WARN_UNINITIALIZED_AUTOS = YES_AGGRESSIVE;
				GCC_WARN_UNUSED_FUNCTION = YES;
				GCC_WARN_UNUSED_VARIABLE = YES;
				IPHONEOS_DEPLOYMENT_TARGET = 16.0;
				MTL_ENABLE_DEBUG_INFO = NO;
				MTL_FAST_MATH = YES;
				SDKROOT = iphoneos;
				SWIFT_COMPILATION_MODE = wholemodule;
				SWIFT_OPTIMIZATION_LEVEL = "-O";
				VALIDATE_PRODUCT = YES;
				VERSIONING_SYSTEM = "apple-generic";
				VERSION_INFO_PREFIX = "";
			};
			name = Release;
		};
		B7616C5B2A84ED01005024E7 /* Debug */ = {
			isa = XCBuildConfiguration;
			buildSettings = {
				CLANG_ENABLE_MODULES = YES;
				CODE_SIGN_STYLE = Automatic;
				CURRENT_PROJECT_VERSION = 1;
				DEFINES_MODULE = YES;
				DYLIB_COMPATIBILITY_VERSION = 1;
				DYLIB_CURRENT_VERSION = 1;
				DYLIB_INSTALL_NAME_BASE = "@rpath";
				ENABLE_MODULE_VERIFIER = YES;
				GENERATE_INFOPLIST_FILE = YES;
				INFOPLIST_KEY_NSHumanReadableCopyright = "";
				INSTALL_PATH = "$(LOCAL_LIBRARY_DIR)/Frameworks";
				IPHONEOS_DEPLOYMENT_TARGET = 16.0;
				LD_RUNPATH_SEARCH_PATHS = (
					"$(inherited)",
					"@executable_path/Frameworks",
					"@loader_path/Frameworks",
				);
				MARKETING_VERSION = 1.0;
				MODULE_VERIFIER_SUPPORTED_LANGUAGES = "objective-c objective-c++";
				MODULE_VERIFIER_SUPPORTED_LANGUAGE_STANDARDS = "gnu11 gnu++20";
				PRODUCT_BUNDLE_IDENTIFIER = dev.tanakorn.UseCase;
				PRODUCT_NAME = "$(TARGET_NAME:c99extidentifier)";
				SKIP_INSTALL = YES;
				SWIFT_EMIT_LOC_STRINGS = YES;
				SWIFT_OPTIMIZATION_LEVEL = "-Onone";
				SWIFT_VERSION = 5.0;
				TARGETED_DEVICE_FAMILY = "1,2";
			};
			name = Debug;
		};
		B7616C5C2A84ED01005024E7 /* Release */ = {
			isa = XCBuildConfiguration;
			buildSettings = {
				CLANG_ENABLE_MODULES = YES;
				CODE_SIGN_STYLE = Automatic;
				CURRENT_PROJECT_VERSION = 1;
				DEFINES_MODULE = YES;
				DYLIB_COMPATIBILITY_VERSION = 1;
				DYLIB_CURRENT_VERSION = 1;
				DYLIB_INSTALL_NAME_BASE = "@rpath";
				ENABLE_MODULE_VERIFIER = YES;
				GENERATE_INFOPLIST_FILE = YES;
				INFOPLIST_KEY_NSHumanReadableCopyright = "";
				INSTALL_PATH = "$(LOCAL_LIBRARY_DIR)/Frameworks";
				IPHONEOS_DEPLOYMENT_TARGET = 16.0;
				LD_RUNPATH_SEARCH_PATHS = (
					"$(inherited)",
					"@executable_path/Frameworks",
					"@loader_path/Frameworks",
				);
				MARKETING_VERSION = 1.0;
				MODULE_VERIFIER_SUPPORTED_LANGUAGES = "objective-c objective-c++";
				MODULE_VERIFIER_SUPPORTED_LANGUAGE_STANDARDS = "gnu11 gnu++20";
				PRODUCT_BUNDLE_IDENTIFIER = dev.tanakorn.UseCase;
				PRODUCT_NAME = "$(TARGET_NAME:c99extidentifier)";
				SKIP_INSTALL = YES;
				SWIFT_EMIT_LOC_STRINGS = YES;
				SWIFT_VERSION = 5.0;
				TARGETED_DEVICE_FAMILY = "1,2";
			};
			name = Release;
		};
/* End XCBuildConfiguration section */

/* Begin XCConfigurationList section */
		B7616C4D2A84ED01005024E7 /* Build configuration list for PBXProject "UseCase" */ = {
			isa = XCConfigurationList;
			buildConfigurations = (
				B7616C582A84ED01005024E7 /* Debug */,
				B7616C592A84ED01005024E7 /* Release */,
			);
			defaultConfigurationIsVisible = 0;
			defaultConfigurationName = Release;
		};
		B7616C5A2A84ED01005024E7 /* Build configuration list for PBXNativeTarget "UseCase" */ = {
			isa = XCConfigurationList;
			buildConfigurations = (
				B7616C5B2A84ED01005024E7 /* Debug */,
				B7616C5C2A84ED01005024E7 /* Release */,
			);
			defaultConfigurationIsVisible = 0;
			defaultConfigurationName = Release;
		};
/* End XCConfigurationList section */
	};
	rootObject = B7616C4A2A84ED01005024E7 /* Project object */;
}
